
Microsoft Visual Studio Solution File, Format Version 12.00
# Visual Studio Version 16
VisualStudioVersion = 16.0.31410.357
MinimumVisualStudioVersion = 10.0.40219.1
Project("{FAE04EC0-301F-11D3-BF4B-00C04F79EFBC}") = "PackageChallenge.API", "PackageChallenge.API\PackageChallenge.API.csproj", "{98E6FFE2-AC97-42CE-A428-66BE4805EDC3}"
EndProject
Project("{FAE04EC0-301F-11D3-BF4B-00C04F79EFBC}") = "PackageChallenget.Test", "PackageChallenget.Test\PackageChallenget.Test.csproj", "{7D2B295D-D644-48B1-AE0A-ED67BEA2DD14}"
EndProject
Project("{FAE04EC0-301F-11D3-BF4B-00C04F79EFBC}") = "Package.Challange.Infrastructure", "Package.Challange.Infrastructure\Package.Challange.Infrastructure.csproj", "{CF60CAEC-F863-4B8C-90FB-9FE42416FC3B}"
EndProject
Project("{FAE04EC0-301F-11D3-BF4B-00C04F79EFBC}") = "Package.Challenge.Application", "Package.Challenge.Application\Package.Challenge.Application.csproj", "{9377A6B8-93F8-464C-B780-988782BFBFD2}"
EndProject
Global
	GlobalSection(SolutionConfigurationPlatforms) = preSolution
		Debug|Any CPU = Debug|Any CPU
		Release|Any CPU = Release|Any CPU
	EndGlobalSection
	GlobalSection(ProjectConfigurationPlatforms) = postSolution
		{98E6FFE2-AC97-42CE-A428-66BE4805EDC3}.Debug|Any CPU.ActiveCfg = Debug|Any CPU
		{98E6FFE2-AC97-42CE-A428-66BE4805EDC3}.Debug|Any CPU.Build.0 = Debug|Any CPU
		{98E6FFE2-AC97-42CE-A428-66BE4805EDC3}.Release|Any CPU.ActiveCfg = Release|Any CPU
		{98E6FFE2-AC97-42CE-A428-66BE4805EDC3}.Release|Any CPU.Build.0 = Release|Any CPU
		{7D2B295D-D644-48B1-AE0A-ED67BEA2DD14}.Debug|Any CPU.ActiveCfg = Debug|Any CPU
		{7D2B295D-D644-48B1-AE0A-ED67BEA2DD14}.Debug|Any CPU.Build.0 = Debug|Any CPU
		{7D2B295D-D644-48B1-AE0A-ED67BEA2DD14}.Release|Any CPU.ActiveCfg = Release|Any CPU
		{7D2B295D-D644-48B1-AE0A-ED67BEA2DD14}.Release|Any CPU.Build.0 = Release|Any CPU
		{CF60CAEC-F863-4B8C-90FB-9FE42416FC3B}.Debug|Any CPU.ActiveCfg = Debug|Any CPU
		{CF60CAEC-F863-4B8C-90FB-9FE42416FC3B}.Debug|Any CPU.Build.0 = Debug|Any CPU
		{CF60CAEC-F863-4B8C-90FB-9FE42416FC3B}.Release|Any CPU.ActiveCfg = Release|Any CPU
		{CF60CAEC-F863-4B8C-90FB-9FE42416FC3B}.Release|Any CPU.Build.0 = Release|Any CPU
		{9377A6B8-93F8-464C-B780-988782BFBFD2}.Debug|Any CPU.ActiveCfg = Debug|Any CPU
		{9377A6B8-93F8-464C-B780-988782BFBFD2}.Debug|Any CPU.Build.0 = Debug|Any CPU
		{9377A6B8-93F8-464C-B780-988782BFBFD2}.Release|Any CPU.ActiveCfg = Release|Any CPU
		{9377A6B8-93F8-464C-B780-988782BFBFD2}.Release|Any CPU.Build.0 = Release|Any CPU
	EndGlobalSection
	GlobalSection(SolutionProperties) = preSolution
		HideSolutionNode = FALSE
	EndGlobalSection
	GlobalSection(ExtensibilityGlobals) = postSolution
		SolutionGuid = {246101DC-6657-4A58-AD0C-F5F30F62C054}
	EndGlobalSection
EndGlobal
